version = 1
revision = 3
requires-python = ">=3.13"

[[package]]
name = "colored"
version = "2.3.2"
source = { registry = "https://pypi.org/simple" }
sdist = { url = "https://files.pythonhosted.org/packages/7a/b6/c07f766b24cc3c92e3e24339ccacbc949d004f0fde759cdf24727c5c02bd/colored-2.3.2.tar.gz", hash = "sha256:d6b7f0737a732c54c92b271f2932c91e386238c8b6ded49d4180eed44eb50684", size = 17066, upload-time = "2026-03-28T14:54:19.989Z" }
wheels = [
    { url = "https://files.pythonhosted.org/packages/ee/93/2cfa674b84be707dc0b1653b00f7da9270c78a8fd43f7d80f0d8b1f5ead9/colored-2.3.2-py3-none-any.whl", hash = "sha256:f192e0545b7214f5479031495d14f4a46b29695650c46a50bf5bb8fb5cbd7893", size = 20285, upload-time = "2026-03-28T14:54:17.923Z" },
]

[[package]]
name = "ipcv"
version = "0.1.0"
source = { editable = "." }
dependencies = [
    { name = "colored" },
]

[package.metadata]
requires-dist = [{ name = "colored", specifier = ">=2.3.2" }]
